// !$*UTF8*$!
{
	archiveVersion = 1;
	classes = {
	};
	objectVersion = 50;
	objects = {

/* Begin PBXBuildFile section */
		FAD0AB1F20C6AF9B00FB1E03 /* AppDelegate.swift in Sources */ = {isa = PBXBuildFile; fileRef = FAD0AB1E20C6AF9B00FB1E03 /* AppDelegate.swift */; };
		FAD0AB2120C6AF9B00FB1E03 /* UserProfileViewController.swift in Sources */ = {isa = PBXBuildFile; fileRef = FAD0AB2020C6AF9B00FB1E03 /* UserProfileViewController.swift */; };
		FAD0AB2420C6AF9B00FB1E03 /* Main.storyboard in Resources */ = {isa = PBXBuildFile; fileRef = FAD0AB2220C6AF9B00FB1E03 /* Main.storyboard */; };
		FAD0AB2620C6AF9E00FB1E03 /* Assets.xcassets in Resources */ = {isa = PBXBuildFile; fileRef = FAD0AB2520C6AF9E00FB1E03 /* Assets.xcassets */; };
		FAD0AB2920C6AF9E00FB1E03 /* LaunchScreen.storyboard in Resources */ = {isa = PBXBuildFile; fileRef = FAD0AB2720C6AF9E00FB1E03 /* LaunchScreen.storyboard */; };
		FAD0AB3120C6B07600FB1E03 /* PhotoTableViewController.swift in Sources */ = {isa = PBXBuildFile; fileRef = FAD0AB3020C6B07600FB1E03 /* PhotoTableViewController.swift */; };
		FAD0AB3420C6B0ED00FB1E03 /* UserInfoView.swift in Sources */ = {isa = PBXBuildFile; fileRef = FAD0AB3320C6B0ED00FB1E03 /* UserInfoView.swift */; };
		FAD0AB3820C6BC5D00FB1E03 /* PhotoTableViewCell.swift in Sources */ = {isa = PBXBuildFile; fileRef = FAD0AB3620C6BC5D00FB1E03 /* PhotoTableViewCell.swift */; };
		FAD0AB3920C6BC5D00FB1E03 /* PhotoTableViewCell.xib in Resources */ = {isa = PBXBuildFile; fileRef = FAD0AB3720C6BC5D00FB1E03 /* PhotoTableViewCell.xib */; };
/* End PBXBuildFile section */

/* Begin PBXFileReference section */
		FAD0AB1B20C6AF9B00FB1E03 /* SamInstagramScrollViewDemo.app */ = {isa = PBXFileReference; explicitFileType = wrapper.application; includeInIndex = 0; path = SamInstagramScrollViewDemo.app; sourceTree = BUILT_PRODUCTS_DIR; };
		FAD0AB1E20C6AF9B00FB1E03 /* AppDelegate.swift */ = {isa = PBXFileReference; lastKnownFileType = sourcecode.swift; path = AppDelegate.swift; sourceTree = "<group>"; };
		FAD0AB2020C6AF9B00FB1E03 /* UserProfileViewController.swift */ = {isa = PBXFileReference; lastKnownFileType = sourcecode.swift; path = UserProfileViewController.swift; sourceTree = "<group>"; };
		FAD0AB2320C6AF9B00FB1E03 /* Base */ = {isa = PBXFileReference; lastKnownFileType = file.storyboard; name = Base; path = Base.lproj/Main.storyboard; sourceTree = "<group>"; };
		FAD0AB2520C6AF9E00FB1E03 /* Assets.xcassets */ = {isa = PBXFileReference; lastKnownFileType = folder.assetcatalog; path = Assets.xcassets; sourceTree = "<group>"; };
		FAD0AB2820C6AF9E00FB1E03 /* Base */ = {isa = PBXFileReference; lastKnownFileType = file.storyboard; name = Base; path = Base.lproj/LaunchScreen.storyboard; sourceTree = "<group>"; };
		FAD0AB2A20C6AF9E00FB1E03 /* Info.plist */ = {isa = PBXFileReference; lastKnownFileType = text.plist.xml; path = Info.plist; sourceTree = "<group>"; };
		FAD0AB3020C6B07600FB1E03 /* PhotoTableViewController.swift */ = {isa = PBXFileReference; lastKnownFileType = sourcecode.swift; path = PhotoTableViewController.swift; sourceTree = "<group>"; };
		FAD0AB3320C6B0ED00FB1E03 /* UserInfoView.swift */ = {isa = PBXFileReference; lastKnownFileType = sourcecode.swift; path = UserInfoView.swift; sourceTree = "<group>"; };
		FAD0AB3620C6BC5D00FB1E03 /* PhotoTableViewCell.swift */ = {isa = PBXFileReference; lastKnownFileType = sourcecode.swift; path = PhotoTableViewCell.swift; sourceTree = "<group>"; };
		FAD0AB3720C6BC5D00FB1E03 /* PhotoTableViewCell.xib */ = {isa = PBXFileReference; lastKnownFileType = file.xib; path = PhotoTableViewCell.xib; sourceTree = "<group>"; };
/* End PBXFileReference section */

/* Begin PBXFrameworksBuildPhase section */
		FAD0AB1820C6AF9B00FB1E03 /* Frameworks */ = {
			isa = PBXFrameworksBuildPhase;
			buildActionMask = 2147483647;
			files = (
			);
			runOnlyForDeploymentPostprocessing = 0;
		};
/* End PBXFrameworksBuildPhase section */

/* Begin PBXGroup section */
		FAD0AB1220C6AF9B00FB1E03 = {
			isa = PBXGroup;
			children = (
				FAD0AB1D20C6AF9B00FB1E03 /* SamInstagramScrollViewDemo */,
				FAD0AB1C20C6AF9B00FB1E03 /* Products */,
			);
			sourceTree = "<group>";
		};
		FAD0AB1C20C6AF9B00FB1E03 /* Products */ = {
			isa = PBXGroup;
			children = (
				FAD0AB1B20C6AF9B00FB1E03 /* SamInstagramScrollViewDemo.app */,
			);
			name = Products;
			sourceTree = "<group>";
		};
		FAD0AB1D20C6AF9B00FB1E03 /* SamInstagramScrollViewDemo */ = {
			isa = PBXGroup;
			children = (
				FAD0AB3520C6BC4700FB1E03 /* Controller */,
				FAD0AB3220C6B0DF00FB1E03 /* View */,
				FAD0AB1E20C6AF9B00FB1E03 /* AppDelegate.swift */,
				FAD0AB2220C6AF9B00FB1E03 /* Main.storyboard */,
				FAD0AB2520C6AF9E00FB1E03 /* Assets.xcassets */,
				FAD0AB2720C6AF9E00FB1E03 /* LaunchScreen.storyboard */,
				FAD0AB2A20C6AF9E00FB1E03 /* Info.plist */,
			);
			path = SamInstagramScrollViewDemo;
			sourceTree = "<group>";
		};
		FAD0AB3220C6B0DF00FB1E03 /* View */ = {
			isa = PBXGroup;
			children = (
				FAD0AB3320C6B0ED00FB1E03 /* UserInfoView.swift */,
				FAD0AB3A20C6BC6400FB1E03 /* PhtotTableViewCell */,
			);
			path = View;
			sourceTree = "<group>";
		};
		FAD0AB3520C6BC4700FB1E03 /* Controller */ = {
			isa = PBXGroup;
			children = (
				FAD0AB2020C6AF9B00FB1E03 /* UserProfileViewController.swift */,
				FAD0AB3020C6B07600FB1E03 /* PhotoTableViewController.swift */,
			);
			path = Controller;
			sourceTree = "<group>";
		};
		FAD0AB3A20C6BC6400FB1E03 /* PhtotTableViewCell */ = {
			isa = PBXGroup;
			children = (
				FAD0AB3620C6BC5D00FB1E03 /* PhotoTableViewCell.swift */,
				FAD0AB3720C6BC5D00FB1E03 /* PhotoTableViewCell.xib */,
			);
			path = PhtotTableViewCell;
			sourceTree = "<group>";
		};
/* End PBXGroup section */

/* Begin PBXNativeTarget section */
		FAD0AB1A20C6AF9B00FB1E03 /* SamInstagramScrollViewDemo */ = {
			isa = PBXNativeTarget;
			buildConfigurationList = FAD0AB2D20C6AF9E00FB1E03 /* Build configuration list for PBXNativeTarget "SamInstagramScrollViewDemo" */;
			buildPhases = (
				FAD0AB1720C6AF9B00FB1E03 /* Sources */,
				FAD0AB1820C6AF9B00FB1E03 /* Frameworks */,
				FAD0AB1920C6AF9B00FB1E03 /* Resources */,
			);
			buildRules = (
			);
			dependencies = (
			);
			name = SamInstagramScrollViewDemo;
			productName = SamInstagramScrollViewDemo;
			productReference = FAD0AB1B20C6AF9B00FB1E03 /* SamInstagramScrollViewDemo.app */;
			productType = "com.apple.product-type.application";
		};
/* End PBXNativeTarget section */

/* Begin PBXProject section */
		FAD0AB1320C6AF9B00FB1E03 /* Project object */ = {
			isa = PBXProject;
			attributes = {
				LastSwiftUpdateCheck = 0930;
				LastUpgradeCheck = 0930;
				ORGANIZATIONNAME = MACBOOK;
				TargetAttributes = {
					FAD0AB1A20C6AF9B00FB1E03 = {
						CreatedOnToolsVersion = 9.3;
					};
				};
			};
			buildConfigurationList = FAD0AB1620C6AF9B00FB1E03 /* Build configuration list for PBXProject "SamInstagramScrollViewDemo" */;
			compatibilityVersion = "Xcode 9.3";
			developmentRegion = en;
			hasScannedForEncodings = 0;
			knownRegions = (
				en,
				Base,
			);
			mainGroup = FAD0AB1220C6AF9B00FB1E03;
			productRefGroup = FAD0AB1C20C6AF9B00FB1E03 /* Products */;
			projectDirPath = "";
			projectRoot = "";
			targets = (
				FAD0AB1A20C6AF9B00FB1E03 /* SamInstagramScrollViewDemo */,
			);
		};
/* End PBXProject section */

/* Begin PBXResourcesBuildPhase section */
		FAD0AB1920C6AF9B00FB1E03 /* Resources */ = {
			isa = PBXResourcesBuildPhase;
			buildActionMask = 2147483647;
			files = (
				FAD0AB3920C6BC5D00FB1E03 /* PhotoTableViewCell.xib in Resources */,
				FAD0AB2920C6AF9E00FB1E03 /* LaunchScreen.storyboard in Resources */,
				FAD0AB2620C6AF9E00FB1E03 /* Assets.xcassets in Resources */,
				FAD0AB2420C6AF9B00FB1E03 /* Main.storyboard in Resources */,
			);
			runOnlyForDeploymentPostprocessing = 0;
		};
/* End PBXResourcesBuildPhase section */

/* Begin PBXSourcesBuildPhase section */
		FAD0AB1720C6AF9B00FB1E03 /* Sources */ = {
			isa = PBXSourcesBuildPhase;
			buildActionMask = 2147483647;
			files = (
				FAD0AB3820C6BC5D00FB1E03 /* PhotoTableViewCell.swift in Sources */,
				FAD0AB2120C6AF9B00FB1E03 /* UserProfileViewController.swift in Sources */,
				FAD0AB1F20C6AF9B00FB1E03 /* AppDelegate.swift in Sources */,
				FAD0AB3120C6B07600FB1E03 /* PhotoTableViewController.swift in Sources */,
				FAD0AB3420C6B0ED00FB1E03 /* UserInfoView.swift in Sources */,
			);
			runOnlyForDeploymentPostprocessing = 0;
		};
/* End PBXSourcesBuildPhase section */

/* Begin PBXVariantGroup section */
		FAD0AB2220C6AF9B00FB1E03 /* Main.storyboard */ = {
			isa = PBXVariantGroup;
			children = (
				FAD0AB2320C6AF9B00FB1E03 /* Base */,
			);
			name = Main.storyboard;
			sourceTree = "<group>";
		};
		FAD0AB2720C6AF9E00FB1E03 /* LaunchScreen.storyboard */ = {
			isa = PBXVariantGroup;
			children = (
				FAD0AB2820C6AF9E00FB1E03 /* Base */,
			);
			name = LaunchScreen.storyboard;
			sourceTree = "<group>";
		};
/* End PBXVariantGroup section */

/* Begin XCBuildConfiguration section */
		FAD0AB2B20C6AF9E00FB1E03 /* Debug */ = {
			isa = XCBuildConfiguration;
			buildSettings = {
				ALWAYS_SEARCH_USER_PATHS = NO;
				CLANG_ANALYZER_NONNULL = YES;
				CLANG_ANALYZER_NUMBER_OBJECT_CONVERSION = YES_AGGRESSIVE;
				CLANG_CXX_LANGUAGE_STANDARD = "gnu++14";
				CLANG_CXX_LIBRARY = "libc++";
				CLANG_ENABLE_MODULES = YES;
				CLANG_ENABLE_OBJC_ARC = YES;
				CLANG_ENABLE_OBJC_WEAK = YES;
				CLANG_WARN_BLOCK_CAPTURE_AUTORELEASING = YES;
				CLANG_WARN_BOOL_CONVERSION = YES;
				CLANG_WARN_COMMA = YES;
				CLANG_WARN_CONSTANT_CONVERSION = YES;
				CLANG_WARN_DEPRECATED_OBJC_IMPLEMENTATIONS = YES;
				CLANG_WARN_DIRECT_OBJC_ISA_USAGE = YES_ERROR;
				CLANG_WARN_DOCUMENTATION_COMMENTS = YES;
				CLANG_WARN_EMPTY_BODY = YES;
				CLANG_WARN_ENUM_CONVERSION = YES;
				CLANG_WARN_INFINITE_RECURSION = YES;
				CLANG_WARN_INT_CONVERSION = YES;
				CLANG_WARN_NON_LITERAL_NULL_CONVERSION = YES;
				CLANG_WARN_OBJC_IMPLICIT_RETAIN_SELF = YES;
				CLANG_WARN_OBJC_LITERAL_CONVERSION = YES;
				CLANG_WARN_OBJC_ROOT_CLASS = YES_ERROR;
				CLANG_WARN_RANGE_LOOP_ANALYSIS = YES;
				CLANG_WARN_STRICT_PROTOTYPES = YES;
				CLANG_WARN_SUSPICIOUS_MOVE = YES;
				CLANG_WARN_UNGUARDED_AVAILABILITY = YES_AGGRESSIVE;
				CLANG_WARN_UNREACHABLE_CODE = YES;
				CLANG_WARN__DUPLICATE_METHOD_MATCH = YES;
				CODE_SIGN_IDENTITY = "iPhone Developer";
				COPY_PHASE_STRIP = NO;
				DEBUG_INFORMATION_FORMAT = dwarf;
				ENABLE_STRICT_OBJC_MSGSEND = YES;
				ENABLE_TESTABILITY = YES;
				GCC_C_LANGUAGE_STANDARD = gnu11;
				GCC_DYNAMIC_NO_PIC = NO;
				GCC_NO_COMMON_BLOCKS = YES;
				GCC_OPTIMIZATION_LEVEL = 0;
				GCC_PREPROCESSOR_DEFINITIONS = (
					"DEBUG=1",
					"$(inherited)",
				);
				GCC_WARN_64_TO_32_BIT_CONVERSION = YES;
				GCC_WARN_ABOUT_RETURN_TYPE = YES_ERROR;
				GCC_WARN_UNDECLARED_SELECTOR = YES;
				GCC_WARN_UNINITIALIZED_AUTOS = YES_AGGRESSIVE;
				GCC_WARN_UNUSED_FUNCTION = YES;
				GCC_WARN_UNUSED_VARIABLE = YES;
				IPHONEOS_DEPLOYMENT_TARGET = 11.3;
				MTL_ENABLE_DEBUG_INFO = YES;
				ONLY_ACTIVE_ARCH = YES;
				SDKROOT = iphoneos;
				SWIFT_ACTIVE_COMPILATION_CONDITIONS = DEBUG;
				SWIFT_OPTIMIZATION_LEVEL = "-Onone";
			};
			name = Debug;
		};
		FAD0AB2C20C6AF9E00FB1E03 /* Release */ = {
			isa = XCBuildConfiguration;
			buildSettings = {
				ALWAYS_SEARCH_USER_PATHS = NO;
				CLANG_ANALYZER_NONNULL = YES;
				CLANG_ANALYZER_NUMBER_OBJECT_CONVERSION = YES_AGGRESSIVE;
				CLANG_CXX_LANGUAGE_STANDARD = "gnu++14";
				CLANG_CXX_LIBRARY = "libc++";
				CLANG_ENABLE_MODULES = YES;
				CLANG_ENABLE_OBJC_ARC = YES;
				CLANG_ENABLE_OBJC_WEAK = YES;
				CLANG_WARN_BLOCK_CAPTURE_AUTORELEASING = YES;
				CLANG_WARN_BOOL_CONVERSION = YES;
				CLANG_WARN_COMMA = YES;
				CLANG_WARN_CONSTANT_CONVERSION = YES;
				CLANG_WARN_DEPRECATED_OBJC_IMPLEMENTATIONS = YES;
				CLANG_WARN_DIRECT_OBJC_ISA_USAGE = YES_ERROR;
				CLANG_WARN_DOCUMENTATION_COMMENTS = YES;
				CLANG_WARN_EMPTY_BODY = YES;
				CLANG_WARN_ENUM_CONVERSION = YES;
				CLANG_WARN_INFINITE_RECURSION = YES;
				CLANG_WARN_INT_CONVERSION = YES;
				CLANG_WARN_NON_LITERAL_NULL_CONVERSION = YES;
				CLANG_WARN_OBJC_IMPLICIT_RETAIN_SELF = YES;
				CLANG_WARN_OBJC_LITERAL_CONVERSION = YES;
				CLANG_WARN_OBJC_ROOT_CLASS = YES_ERROR;
				CLANG_WARN_RANGE_LOOP_ANALYSIS = YES;
				CLANG_WARN_STRICT_PROTOTYPES = YES;
				CLANG_WARN_SUSPICIOUS_MOVE = YES;
				CLANG_WARN_UNGUARDED_AVAILABILITY = YES_AGGRESSIVE;
				CLANG_WARN_UNREACHABLE_CODE = YES;
				CLANG_WARN__DUPLICATE_METHOD_MATCH = YES;
				CODE_SIGN_IDENTITY = "iPhone Developer";
				COPY_PHASE_STRIP = NO;
				DEBUG_INFORMATION_FORMAT = "dwarf-with-dsym";
				ENABLE_NS_ASSERTIONS = NO;
				ENABLE_STRICT_OBJC_MSGSEND = YES;
				GCC_C_LANGUAGE_STANDARD = gnu11;
				GCC_NO_COMMON_BLOCKS = YES;
				GCC_WARN_64_TO_32_BIT_CONVERSION = YES;
				GCC_WARN_ABOUT_RETURN_TYPE = YES_ERROR;
				GCC_WARN_UNDECLARED_SELECTOR = YES;
				GCC_WARN_UNINITIALIZED_AUTOS = YES_AGGRESSIVE;
				GCC_WARN_UNUSED_FUNCTION = YES;
				GCC_WARN_UNUSED_VARIABLE = YES;
				IPHONEOS_DEPLOYMENT_TARGET = 11.3;
				MTL_ENABLE_DEBUG_INFO = NO;
				SDKROOT = iphoneos;
				SWIFT_COMPILATION_MODE = wholemodule;
				SWIFT_OPTIMIZATION_LEVEL = "-O";
				VALIDATE_PRODUCT = YES;
			};
			name = Release;
		};
		FAD0AB2E20C6AF9E00FB1E03 /* Debug */ = {
			isa = XCBuildConfiguration;
			buildSettings = {
				ASSETCATALOG_COMPILER_APPICON_NAME = AppIcon;
				CODE_SIGN_STYLE = Automatic;
				DEVELOPMENT_TEAM = 57PZX8729Q;
				INFOPLIST_FILE = SamInstagramScrollViewDemo/Info.plist;
				LD_RUNPATH_SEARCH_PATHS = (
					"$(inherited)",
					"@executable_path/Frameworks",
				);
				PRODUCT_BUNDLE_IDENTIFIER = "appWorksSchool-ios6.SamInstagramScrollViewDemo";
				PRODUCT_NAME = "$(TARGET_NAME)";
				SWIFT_VERSION = 4.0;
				TARGETED_DEVICE_FAMILY = "1,2";
			};
			name = Debug;
		};
		FAD0AB2F20C6AF9E00FB1E03 /* Release */ = {
			isa = XCBuildConfiguration;
			buildSettings = {
				ASSETCATALOG_COMPILER_APPICON_NAME = AppIcon;
				CODE_SIGN_STYLE = Automatic;
				DEVELOPMENT_TEAM = 57PZX8729Q;
				INFOPLIST_FILE = SamInstagramScrollViewDemo/Info.plist;
				LD_RUNPATH_SEARCH_PATHS = (
					"$(inherited)",
					"@executable_path/Frameworks",
				);
				PRODUCT_BUNDLE_IDENTIFIER = "appWorksSchool-ios6.SamInstagramScrollViewDemo";
				PRODUCT_NAME = "$(TARGET_NAME)";
				SWIFT_VERSION = 4.0;
				TARGETED_DEVICE_FAMILY = "1,2";
			};
			name = Release;
		};
/* End XCBuildConfiguration section */

/* Begin XCConfigurationList section */
		FAD0AB1620C6AF9B00FB1E03 /* Build configuration list for PBXProject "SamInstagramScrollViewDemo" */ = {
			isa = XCConfigurationList;
			buildConfigurations = (
				FAD0AB2B20C6AF9E00FB1E03 /* Debug */,
				FAD0AB2C20C6AF9E00FB1E03 /* Release */,
			);
			defaultConfigurationIsVisible = 0;
			defaultConfigurationName = Release;
		};
		FAD0AB2D20C6AF9E00FB1E03 /* Build configuration list for PBXNativeTarget "SamInstagramScrollViewDemo" */ = {
			isa = XCConfigurationList;
			buildConfigurations = (
				FAD0AB2E20C6AF9E00FB1E03 /* Debug */,
				FAD0AB2F20C6AF9E00FB1E03 /* Release */,
			);
			defaultConfigurationIsVisible = 0;
			defaultConfigurationName = Release;
		};
/* End XCConfigurationList section */
	};
	rootObject = FAD0AB1320C6AF9B00FB1E03 /* Project object */;
}
